
Microsoft Visual Studio Solution File, Format Version 12.00
# Visual Studio 14
VisualStudioVersion = 14.0.25420.1
MinimumVisualStudioVersion = 10.0.40219.1
Project("{FAE04EC0-301F-11D3-BF4B-00C04F79EFBC}") = "EraDeiFessi", "EraDeiFessi\EraDeiFessi.csproj", "{FFBAD596-76B0-4F9D-B26F-337824AD37F5}"
	ProjectSection(ProjectDependencies) = postProject
		{47F8A809-7CD4-4FB0-BFD9-BEFCFC50C09D} = {47F8A809-7CD4-4FB0-BFD9-BEFCFC50C09D}
		{C7DA9B1A-B36B-4833-AFC6-254D590108E2} = {C7DA9B1A-B36B-4833-AFC6-254D590108E2}
		{E235941C-9DF1-4CB5-9DD0-3D6119F78A8D} = {E235941C-9DF1-4CB5-9DD0-3D6119F78A8D}
		{98552122-7CFA-495A-96D6-C504DCAE88A7} = {98552122-7CFA-495A-96D6-C504DCAE88A7}
		{6B98CE34-7ACC-43D7-9AF7-13DE386EB1E8} = {6B98CE34-7ACC-43D7-9AF7-13DE386EB1E8}
		{3A052549-983C-46BC-ADF3-0EE2E913F630} = {3A052549-983C-46BC-ADF3-0EE2E913F630}
		{7272294C-6BD8-4C8E-A9FE-E4BE50A44131} = {7272294C-6BD8-4C8E-A9FE-E4BE50A44131}
		{00015351-5EA1-45C0-968C-FE1B383AE577} = {00015351-5EA1-45C0-968C-FE1B383AE577}
		{9B599B53-7921-43C6-B0D4-532ED959B0E1} = {9B599B53-7921-43C6-B0D4-532ED959B0E1}
		{4EF34258-BD9B-46C3-BC48-C86828410113} = {4EF34258-BD9B-46C3-BC48-C86828410113}
		{F53D9B5D-BF38-4226-8DE8-163B6DF40152} = {F53D9B5D-BF38-4226-8DE8-163B6DF40152}
		{81F63868-C998-4BEB-BB86-30199CB94209} = {81F63868-C998-4BEB-BB86-30199CB94209}
		{FDB61A6A-87C1-4F93-BA94-0E89DF50232B} = {FDB61A6A-87C1-4F93-BA94-0E89DF50232B}
		{0779A77A-BD85-48B5-A0CB-FBDDBA2835DA} = {0779A77A-BD85-48B5-A0CB-FBDDBA2835DA}
		{4CA7D797-A37E-47B4-A2F0-486080912C42} = {4CA7D797-A37E-47B4-A2F0-486080912C42}
		{1B906899-EE04-455C-9602-836E951B49EB} = {1B906899-EE04-455C-9602-836E951B49EB}
		{3110BFA4-148C-4069-906B-581E36CAEDF5} = {3110BFA4-148C-4069-906B-581E36CAEDF5}
		{99FDF6E7-2CC3-473C-A50E-C15D6D3DE708} = {99FDF6E7-2CC3-473C-A50E-C15D6D3DE708}
		{59A66BF0-A934-4B6D-9292-9CC4016DCDB7} = {59A66BF0-A934-4B6D-9292-9CC4016DCDB7}
		{72712EF4-4A66-4C54-A5A5-2A8603FCAB0D} = {72712EF4-4A66-4C54-A5A5-2A8603FCAB0D}
	EndProjectSection
EndProject
Project("{FAE04EC0-301F-11D3-BF4B-00C04F79EFBC}") = "EDFUpdater", "EDFUpdater\EDFUpdater.csproj", "{7272294C-6BD8-4C8E-A9FE-E4BE50A44131}"
EndProject
Project("{FAE04EC0-301F-11D3-BF4B-00C04F79EFBC}") = "libEraDeiFessi", "libEraDeiFessi\libEraDeiFessi.csproj", "{C7DA9B1A-B36B-4833-AFC6-254D590108E2}"
EndProject
Project("{FAE04EC0-301F-11D3-BF4B-00C04F79EFBC}") = "EDFPlugin.EraDeiPesci", "EDFPlugin.EraDeiPesci\EDFPlugin.EraDeiPesci.csproj", "{3110BFA4-148C-4069-906B-581E36CAEDF5}"
EndProject
Project("{FAE04EC0-301F-11D3-BF4B-00C04F79EFBC}") = "EDFPlugin.Cineblog01", "EDFPlugin.Cineblog01\EDFPlugin.Cineblog01.csproj", "{59A66BF0-A934-4B6D-9292-9CC4016DCDB7}"
EndProject
Project("{FAE04EC0-301F-11D3-BF4B-00C04F79EFBC}") = "EDFPlugin.FilesTube", "EDFPlugin.FilesTube\EDFPlugin.FilesTube.csproj", "{1B906899-EE04-455C-9602-836E951B49EB}"
EndProject
Project("{FAE04EC0-301F-11D3-BF4B-00C04F79EFBC}") = "EDFPlugin.PirateStreaming", "EDFPlugin.PirateStreaming\EDFPlugin.PirateStreaming.csproj", "{47F8A809-7CD4-4FB0-BFD9-BEFCFC50C09D}"
EndProject
Project("{FAE04EC0-301F-11D3-BF4B-00C04F79EFBC}") = "EDFPlugin.Eurostreaming", "EDFPlugin.Eurostreaming\EDFPlugin.Eurostreaming.csproj", "{4CA7D797-A37E-47B4-A2F0-486080912C42}"
EndProject
Project("{FAE04EC0-301F-11D3-BF4B-00C04F79EFBC}") = "EraDeiFessi.WebFormsApp", "EraDeiFessi.WebFormsApp\EraDeiFessi.WebFormsApp.csproj", "{FDB61A6A-87C1-4F93-BA94-0E89DF50232B}"
	ProjectSection(ProjectDependencies) = postProject
		{47F8A809-7CD4-4FB0-BFD9-BEFCFC50C09D} = {47F8A809-7CD4-4FB0-BFD9-BEFCFC50C09D}
		{C7DA9B1A-B36B-4833-AFC6-254D590108E2} = {C7DA9B1A-B36B-4833-AFC6-254D590108E2}
		{4EF34258-BD9B-46C3-BC48-C86828410113} = {4EF34258-BD9B-46C3-BC48-C86828410113}
		{81F63868-C998-4BEB-BB86-30199CB94209} = {81F63868-C998-4BEB-BB86-30199CB94209}
		{4CA7D797-A37E-47B4-A2F0-486080912C42} = {4CA7D797-A37E-47B4-A2F0-486080912C42}
		{1B906899-EE04-455C-9602-836E951B49EB} = {1B906899-EE04-455C-9602-836E951B49EB}
		{3110BFA4-148C-4069-906B-581E36CAEDF5} = {3110BFA4-148C-4069-906B-581E36CAEDF5}
		{99FDF6E7-2CC3-473C-A50E-C15D6D3DE708} = {99FDF6E7-2CC3-473C-A50E-C15D6D3DE708}
		{59A66BF0-A934-4B6D-9292-9CC4016DCDB7} = {59A66BF0-A934-4B6D-9292-9CC4016DCDB7}
		{72712EF4-4A66-4C54-A5A5-2A8603FCAB0D} = {72712EF4-4A66-4C54-A5A5-2A8603FCAB0D}
	EndProjectSection
EndProject
Project("{FAE04EC0-301F-11D3-BF4B-00C04F79EFBC}") = "EDFPlugin.SimpleFileSearch", "EDFPlugin.SimpleFileSearch\EDFPlugin.SimpleFileSearch.csproj", "{6B98CE34-7ACC-43D7-9AF7-13DE386EB1E8}"
EndProject
Project("{FAE04EC0-301F-11D3-BF4B-00C04F79EFBC}") = "EDFPlugin.DownloadNow", "EDFPlugin.DownloadNow\EDFPlugin.DownloadNow.csproj", "{3A052549-983C-46BC-ADF3-0EE2E913F630}"
EndProject
Project("{FAE04EC0-301F-11D3-BF4B-00C04F79EFBC}") = "EDFPlugin.ShareDir", "EDFPlugin.ShareDir\EDFPlugin.ShareDir.csproj", "{4EF34258-BD9B-46C3-BC48-C86828410113}"
EndProject
Project("{FAE04EC0-301F-11D3-BF4B-00C04F79EFBC}") = "EDFPlugin.AllUC", "EDFPlugin.AllUC\EDFPlugin.AllUC.csproj", "{99FDF6E7-2CC3-473C-A50E-C15D6D3DE708}"
EndProject
Project("{FAE04EC0-301F-11D3-BF4B-00C04F79EFBC}") = "EDFPlugin.Filespr", "EDFPlugin.Filespr\EDFPlugin.Filespr.csproj", "{81F63868-C998-4BEB-BB86-30199CB94209}"
EndProject
Project("{FAE04EC0-301F-11D3-BF4B-00C04F79EFBC}") = "EDFPlugin.ItaliaSerie", "EDFPlugin.ItaliaSerie\EDFPlugin.ItaliaSerie.csproj", "{72712EF4-4A66-4C54-A5A5-2A8603FCAB0D}"
EndProject
Project("{FAE04EC0-301F-11D3-BF4B-00C04F79EFBC}") = "EDFPlugin.IlCorsaroNero", "EDFPlugin.IlCorsaroNero\EDFPlugin.IlCorsaroNero.csproj", "{E235941C-9DF1-4CB5-9DD0-3D6119F78A8D}"
EndProject
Project("{FAE04EC0-301F-11D3-BF4B-00C04F79EFBC}") = "ReferencesRepo", "ReferencesRepo\ReferencesRepo.csproj", "{9B599B53-7921-43C6-B0D4-532ED959B0E1}"
EndProject
Project("{FAE04EC0-301F-11D3-BF4B-00C04F79EFBC}") = "EDFPlugin.WarezBB", "EDFPlugin.WarezBB\EDFPlugin.WarezBB.csproj", "{F53D9B5D-BF38-4226-8DE8-163B6DF40152}"
EndProject
Project("{FAE04EC0-301F-11D3-BF4B-00C04F79EFBC}") = "HtmlAgilityPack", "HtmlAgilityPack\HtmlAgilityPack.csproj", "{193BB801-054F-4729-9D5D-FCE1E32594BF}"
EndProject
Project("{FAE04EC0-301F-11D3-BF4B-00C04F79EFBC}") = "xEDF.iOS", "xEDF.iOS\xEDF.iOS.csproj", "{4A8328CD-A0F1-4381-BC46-5968DD30D72E}"
EndProject
Project("{FAE04EC0-301F-11D3-BF4B-00C04F79EFBC}") = "xEDF.Droid", "xEDF.Android\xEDF.Droid.csproj", "{2DBF5EDB-A5DE-4F62-8FE4-33FF5CFF2BD8}"
EndProject
Project("{FAE04EC0-301F-11D3-BF4B-00C04F79EFBC}") = "xEDFlib", "xEDFlib\xEDFlib.csproj", "{212DC5CA-8CA3-4EC7-B392-2F2471FD0DB2}"
EndProject
Project("{FAE04EC0-301F-11D3-BF4B-00C04F79EFBC}") = "EDFPlugin.ThePirateBay", "EDFPlugin.ThePirateBay\EDFPlugin.ThePirateBay.csproj", "{98552122-7CFA-495A-96D6-C504DCAE88A7}"
EndProject
Project("{FAE04EC0-301F-11D3-BF4B-00C04F79EFBC}") = "EDFPlugin.RARBG", "EDFPlugin.RARBG\EDFPlugin.RARBG.csproj", "{0779A77A-BD85-48B5-A0CB-FBDDBA2835DA}"
EndProject
Project("{FAE04EC0-301F-11D3-BF4B-00C04F79EFBC}") = "RealDebrid4DotNet", "RealDebrid4DotNet\RealDebrid4DotNet.csproj", "{24C0BA97-8D12-4938-940B-F66A321DD2CD}"
EndProject
Project("{FAE04EC0-301F-11D3-BF4B-00C04F79EFBC}") = "PropGrid4WPF", "PropGrid4WPF\PropGrid4WPF.csproj", "{00015351-5EA1-45C0-968C-FE1B383AE577}"
EndProject
Global
	GlobalSection(SolutionConfigurationPlatforms) = preSolution
		Debug|Any CPU = Debug|Any CPU
		Debug|iPhone = Debug|iPhone
		Debug|iPhoneSimulator = Debug|iPhoneSimulator
		Release|Any CPU = Release|Any CPU
		Release|iPhone = Release|iPhone
		Release|iPhoneSimulator = Release|iPhoneSimulator
	EndGlobalSection
	GlobalSection(ProjectConfigurationPlatforms) = postSolution
		{FFBAD596-76B0-4F9D-B26F-337824AD37F5}.Debug|Any CPU.ActiveCfg = Debug|Any CPU
		{FFBAD596-76B0-4F9D-B26F-337824AD37F5}.Debug|Any CPU.Build.0 = Debug|Any CPU
		{FFBAD596-76B0-4F9D-B26F-337824AD37F5}.Debug|iPhone.ActiveCfg = Debug|Any CPU
		{FFBAD596-76B0-4F9D-B26F-337824AD37F5}.Debug|iPhone.Build.0 = Debug|Any CPU
		{FFBAD596-76B0-4F9D-B26F-337824AD37F5}.Debug|iPhoneSimulator.ActiveCfg = Debug|Any CPU
		{FFBAD596-76B0-4F9D-B26F-337824AD37F5}.Debug|iPhoneSimulator.Build.0 = Debug|Any CPU
		{FFBAD596-76B0-4F9D-B26F-337824AD37F5}.Release|Any CPU.ActiveCfg = Release|Any CPU
		{FFBAD596-76B0-4F9D-B26F-337824AD37F5}.Release|Any CPU.Build.0 = Release|Any CPU
		{FFBAD596-76B0-4F9D-B26F-337824AD37F5}.Release|iPhone.ActiveCfg = Release|Any CPU
		{FFBAD596-76B0-4F9D-B26F-337824AD37F5}.Release|iPhone.Build.0 = Release|Any CPU
		{FFBAD596-76B0-4F9D-B26F-337824AD37F5}.Release|iPhoneSimulator.ActiveCfg = Release|Any CPU
		{FFBAD596-76B0-4F9D-B26F-337824AD37F5}.Release|iPhoneSimulator.Build.0 = Release|Any CPU
		{7272294C-6BD8-4C8E-A9FE-E4BE50A44131}.Debug|Any CPU.ActiveCfg = Debug|Any CPU
		{7272294C-6BD8-4C8E-A9FE-E4BE50A44131}.Debug|Any CPU.Build.0 = Debug|Any CPU
		{7272294C-6BD8-4C8E-A9FE-E4BE50A44131}.Debug|iPhone.ActiveCfg = Debug|Any CPU
		{7272294C-6BD8-4C8E-A9FE-E4BE50A44131}.Debug|iPhone.Build.0 = Debug|Any CPU
		{7272294C-6BD8-4C8E-A9FE-E4BE50A44131}.Debug|iPhoneSimulator.ActiveCfg = Debug|Any CPU
		{7272294C-6BD8-4C8E-A9FE-E4BE50A44131}.Debug|iPhoneSimulator.Build.0 = Debug|Any CPU
		{7272294C-6BD8-4C8E-A9FE-E4BE50A44131}.Release|Any CPU.ActiveCfg = Release|Any CPU
		{7272294C-6BD8-4C8E-A9FE-E4BE50A44131}.Release|Any CPU.Build.0 = Release|Any CPU
		{7272294C-6BD8-4C8E-A9FE-E4BE50A44131}.Release|iPhone.ActiveCfg = Release|Any CPU
		{7272294C-6BD8-4C8E-A9FE-E4BE50A44131}.Release|iPhone.Build.0 = Release|Any CPU
		{7272294C-6BD8-4C8E-A9FE-E4BE50A44131}.Release|iPhoneSimulator.ActiveCfg = Release|Any CPU
		{7272294C-6BD8-4C8E-A9FE-E4BE50A44131}.Release|iPhoneSimulator.Build.0 = Release|Any CPU
		{C7DA9B1A-B36B-4833-AFC6-254D590108E2}.Debug|Any CPU.ActiveCfg = Debug|Any CPU
		{C7DA9B1A-B36B-4833-AFC6-254D590108E2}.Debug|Any CPU.Build.0 = Debug|Any CPU
		{C7DA9B1A-B36B-4833-AFC6-254D590108E2}.Debug|iPhone.ActiveCfg = Debug|Any CPU
		{C7DA9B1A-B36B-4833-AFC6-254D590108E2}.Debug|iPhone.Build.0 = Debug|Any CPU
		{C7DA9B1A-B36B-4833-AFC6-254D590108E2}.Debug|iPhoneSimulator.ActiveCfg = Debug|Any CPU
		{C7DA9B1A-B36B-4833-AFC6-254D590108E2}.Debug|iPhoneSimulator.Build.0 = Debug|Any CPU
		{C7DA9B1A-B36B-4833-AFC6-254D590108E2}.Release|Any CPU.ActiveCfg = Release|Any CPU
		{C7DA9B1A-B36B-4833-AFC6-254D590108E2}.Release|Any CPU.Build.0 = Release|Any CPU
		{C7DA9B1A-B36B-4833-AFC6-254D590108E2}.Release|iPhone.ActiveCfg = Release|Any CPU
		{C7DA9B1A-B36B-4833-AFC6-254D590108E2}.Release|iPhone.Build.0 = Release|Any CPU
		{C7DA9B1A-B36B-4833-AFC6-254D590108E2}.Release|iPhoneSimulator.ActiveCfg = Release|Any CPU
		{C7DA9B1A-B36B-4833-AFC6-254D590108E2}.Release|iPhoneSimulator.Build.0 = Release|Any CPU
		{3110BFA4-148C-4069-906B-581E36CAEDF5}.Debug|Any CPU.ActiveCfg = Debug|Any CPU
		{3110BFA4-148C-4069-906B-581E36CAEDF5}.Debug|Any CPU.Build.0 = Debug|Any CPU
		{3110BFA4-148C-4069-906B-581E36CAEDF5}.Debug|iPhone.ActiveCfg = Debug|Any CPU
		{3110BFA4-148C-4069-906B-581E36CAEDF5}.Debug|iPhoneSimulator.ActiveCfg = Debug|Any CPU
		{3110BFA4-148C-4069-906B-581E36CAEDF5}.Release|Any CPU.ActiveCfg = Release|Any CPU
		{3110BFA4-148C-4069-906B-581E36CAEDF5}.Release|Any CPU.Build.0 = Release|Any CPU
		{3110BFA4-148C-4069-906B-581E36CAEDF5}.Release|iPhone.ActiveCfg = Release|Any CPU
		{3110BFA4-148C-4069-906B-581E36CAEDF5}.Release|iPhoneSimulator.ActiveCfg = Release|Any CPU
		{59A66BF0-A934-4B6D-9292-9CC4016DCDB7}.Debug|Any CPU.ActiveCfg = Debug|Any CPU
		{59A66BF0-A934-4B6D-9292-9CC4016DCDB7}.Debug|Any CPU.Build.0 = Debug|Any CPU
		{59A66BF0-A934-4B6D-9292-9CC4016DCDB7}.Debug|iPhone.ActiveCfg = Debug|Any CPU
		{59A66BF0-A934-4B6D-9292-9CC4016DCDB7}.Debug|iPhone.Build.0 = Debug|Any CPU
		{59A66BF0-A934-4B6D-9292-9CC4016DCDB7}.Debug|iPhoneSimulator.ActiveCfg = Debug|Any CPU
		{59A66BF0-A934-4B6D-9292-9CC4016DCDB7}.Debug|iPhoneSimulator.Build.0 = Debug|Any CPU
		{59A66BF0-A934-4B6D-9292-9CC4016DCDB7}.Release|Any CPU.ActiveCfg = Release|Any CPU
		{59A66BF0-A934-4B6D-9292-9CC4016DCDB7}.Release|Any CPU.Build.0 = Release|Any CPU
		{59A66BF0-A934-4B6D-9292-9CC4016DCDB7}.Release|iPhone.ActiveCfg = Release|Any CPU
		{59A66BF0-A934-4B6D-9292-9CC4016DCDB7}.Release|iPhone.Build.0 = Release|Any CPU
		{59A66BF0-A934-4B6D-9292-9CC4016DCDB7}.Release|iPhoneSimulator.ActiveCfg = Release|Any CPU
		{59A66BF0-A934-4B6D-9292-9CC4016DCDB7}.Release|iPhoneSimulator.Build.0 = Release|Any CPU
		{1B906899-EE04-455C-9602-836E951B49EB}.Debug|Any CPU.ActiveCfg = Debug|Any CPU
		{1B906899-EE04-455C-9602-836E951B49EB}.Debug|Any CPU.Build.0 = Debug|Any CPU
		{1B906899-EE04-455C-9602-836E951B49EB}.Debug|iPhone.ActiveCfg = Debug|Any CPU
		{1B906899-EE04-455C-9602-836E951B49EB}.Debug|iPhoneSimulator.ActiveCfg = Debug|Any CPU
		{1B906899-EE04-455C-9602-836E951B49EB}.Release|Any CPU.ActiveCfg = Release|Any CPU
		{1B906899-EE04-455C-9602-836E951B49EB}.Release|Any CPU.Build.0 = Release|Any CPU
		{1B906899-EE04-455C-9602-836E951B49EB}.Release|iPhone.ActiveCfg = Release|Any CPU
		{1B906899-EE04-455C-9602-836E951B49EB}.Release|iPhoneSimulator.ActiveCfg = Release|Any CPU
		{47F8A809-7CD4-4FB0-BFD9-BEFCFC50C09D}.Debug|Any CPU.ActiveCfg = Debug|Any CPU
		{47F8A809-7CD4-4FB0-BFD9-BEFCFC50C09D}.Debug|Any CPU.Build.0 = Debug|Any CPU
		{47F8A809-7CD4-4FB0-BFD9-BEFCFC50C09D}.Debug|iPhone.ActiveCfg = Debug|Any CPU
		{47F8A809-7CD4-4FB0-BFD9-BEFCFC50C09D}.Debug|iPhone.Build.0 = Debug|Any CPU
		{47F8A809-7CD4-4FB0-BFD9-BEFCFC50C09D}.Debug|iPhoneSimulator.ActiveCfg = Debug|Any CPU
		{47F8A809-7CD4-4FB0-BFD9-BEFCFC50C09D}.Debug|iPhoneSimulator.Build.0 = Debug|Any CPU
		{47F8A809-7CD4-4FB0-BFD9-BEFCFC50C09D}.Release|Any CPU.ActiveCfg = Release|Any CPU
		{47F8A809-7CD4-4FB0-BFD9-BEFCFC50C09D}.Release|Any CPU.Build.0 = Release|Any CPU
		{47F8A809-7CD4-4FB0-BFD9-BEFCFC50C09D}.Release|iPhone.ActiveCfg = Release|Any CPU
		{47F8A809-7CD4-4FB0-BFD9-BEFCFC50C09D}.Release|iPhone.Build.0 = Release|Any CPU
		{47F8A809-7CD4-4FB0-BFD9-BEFCFC50C09D}.Release|iPhoneSimulator.ActiveCfg = Release|Any CPU
		{47F8A809-7CD4-4FB0-BFD9-BEFCFC50C09D}.Release|iPhoneSimulator.Build.0 = Release|Any CPU
		{4CA7D797-A37E-47B4-A2F0-486080912C42}.Debug|Any CPU.ActiveCfg = Debug|Any CPU
		{4CA7D797-A37E-47B4-A2F0-486080912C42}.Debug|Any CPU.Build.0 = Debug|Any CPU
		{4CA7D797-A37E-47B4-A2F0-486080912C42}.Debug|iPhone.ActiveCfg = Debug|Any CPU
		{4CA7D797-A37E-47B4-A2F0-486080912C42}.Debug|iPhone.Build.0 = Debug|Any CPU
		{4CA7D797-A37E-47B4-A2F0-486080912C42}.Debug|iPhoneSimulator.ActiveCfg = Debug|Any CPU
		{4CA7D797-A37E-47B4-A2F0-486080912C42}.Debug|iPhoneSimulator.Build.0 = Debug|Any CPU
		{4CA7D797-A37E-47B4-A2F0-486080912C42}.Release|Any CPU.ActiveCfg = Release|Any CPU
		{4CA7D797-A37E-47B4-A2F0-486080912C42}.Release|Any CPU.Build.0 = Release|Any CPU
		{4CA7D797-A37E-47B4-A2F0-486080912C42}.Release|iPhone.ActiveCfg = Release|Any CPU
		{4CA7D797-A37E-47B4-A2F0-486080912C42}.Release|iPhone.Build.0 = Release|Any CPU
		{4CA7D797-A37E-47B4-A2F0-486080912C42}.Release|iPhoneSimulator.ActiveCfg = Release|Any CPU
		{4CA7D797-A37E-47B4-A2F0-486080912C42}.Release|iPhoneSimulator.Build.0 = Release|Any CPU
		{FDB61A6A-87C1-4F93-BA94-0E89DF50232B}.Debug|Any CPU.ActiveCfg = Debug|Any CPU
		{FDB61A6A-87C1-4F93-BA94-0E89DF50232B}.Debug|Any CPU.Build.0 = Debug|Any CPU
		{FDB61A6A-87C1-4F93-BA94-0E89DF50232B}.Debug|iPhone.ActiveCfg = Debug|Any CPU
		{FDB61A6A-87C1-4F93-BA94-0E89DF50232B}.Debug|iPhone.Build.0 = Debug|Any CPU
		{FDB61A6A-87C1-4F93-BA94-0E89DF50232B}.Debug|iPhoneSimulator.ActiveCfg = Debug|Any CPU
		{FDB61A6A-87C1-4F93-BA94-0E89DF50232B}.Debug|iPhoneSimulator.Build.0 = Debug|Any CPU
		{FDB61A6A-87C1-4F93-BA94-0E89DF50232B}.Release|Any CPU.ActiveCfg = Release|Any CPU
		{FDB61A6A-87C1-4F93-BA94-0E89DF50232B}.Release|Any CPU.Build.0 = Release|Any CPU
		{FDB61A6A-87C1-4F93-BA94-0E89DF50232B}.Release|iPhone.ActiveCfg = Release|Any CPU
		{FDB61A6A-87C1-4F93-BA94-0E89DF50232B}.Release|iPhone.Build.0 = Release|Any CPU
		{FDB61A6A-87C1-4F93-BA94-0E89DF50232B}.Release|iPhoneSimulator.ActiveCfg = Release|Any CPU
		{FDB61A6A-87C1-4F93-BA94-0E89DF50232B}.Release|iPhoneSimulator.Build.0 = Release|Any CPU
		{6B98CE34-7ACC-43D7-9AF7-13DE386EB1E8}.Debug|Any CPU.ActiveCfg = Debug|Any CPU
		{6B98CE34-7ACC-43D7-9AF7-13DE386EB1E8}.Debug|Any CPU.Build.0 = Debug|Any CPU
		{6B98CE34-7ACC-43D7-9AF7-13DE386EB1E8}.Debug|iPhone.ActiveCfg = Debug|Any CPU
		{6B98CE34-7ACC-43D7-9AF7-13DE386EB1E8}.Debug|iPhoneSimulator.ActiveCfg = Debug|Any CPU
		{6B98CE34-7ACC-43D7-9AF7-13DE386EB1E8}.Release|Any CPU.ActiveCfg = Release|Any CPU
		{6B98CE34-7ACC-43D7-9AF7-13DE386EB1E8}.Release|Any CPU.Build.0 = Release|Any CPU
		{6B98CE34-7ACC-43D7-9AF7-13DE386EB1E8}.Release|iPhone.ActiveCfg = Release|Any CPU
		{6B98CE34-7ACC-43D7-9AF7-13DE386EB1E8}.Release|iPhoneSimulator.ActiveCfg = Release|Any CPU
		{3A052549-983C-46BC-ADF3-0EE2E913F630}.Debug|Any CPU.ActiveCfg = Debug|Any CPU
		{3A052549-983C-46BC-ADF3-0EE2E913F630}.Debug|Any CPU.Build.0 = Debug|Any CPU
		{3A052549-983C-46BC-ADF3-0EE2E913F630}.Debug|iPhone.ActiveCfg = Debug|Any CPU
		{3A052549-983C-46BC-ADF3-0EE2E913F630}.Debug|iPhoneSimulator.ActiveCfg = Debug|Any CPU
		{3A052549-983C-46BC-ADF3-0EE2E913F630}.Release|Any CPU.ActiveCfg = Release|Any CPU
		{3A052549-983C-46BC-ADF3-0EE2E913F630}.Release|Any CPU.Build.0 = Release|Any CPU
		{3A052549-983C-46BC-ADF3-0EE2E913F630}.Release|iPhone.ActiveCfg = Release|Any CPU
		{3A052549-983C-46BC-ADF3-0EE2E913F630}.Release|iPhoneSimulator.ActiveCfg = Release|Any CPU
		{4EF34258-BD9B-46C3-BC48-C86828410113}.Debug|Any CPU.ActiveCfg = Debug|Any CPU
		{4EF34258-BD9B-46C3-BC48-C86828410113}.Debug|Any CPU.Build.0 = Debug|Any CPU
		{4EF34258-BD9B-46C3-BC48-C86828410113}.Debug|iPhone.ActiveCfg = Debug|Any CPU
		{4EF34258-BD9B-46C3-BC48-C86828410113}.Debug|iPhone.Build.0 = Debug|Any CPU
		{4EF34258-BD9B-46C3-BC48-C86828410113}.Debug|iPhoneSimulator.ActiveCfg = Debug|Any CPU
		{4EF34258-BD9B-46C3-BC48-C86828410113}.Debug|iPhoneSimulator.Build.0 = Debug|Any CPU
		{4EF34258-BD9B-46C3-BC48-C86828410113}.Release|Any CPU.ActiveCfg = Release|Any CPU
		{4EF34258-BD9B-46C3-BC48-C86828410113}.Release|Any CPU.Build.0 = Release|Any CPU
		{4EF34258-BD9B-46C3-BC48-C86828410113}.Release|iPhone.ActiveCfg = Release|Any CPU
		{4EF34258-BD9B-46C3-BC48-C86828410113}.Release|iPhone.Build.0 = Release|Any CPU
		{4EF34258-BD9B-46C3-BC48-C86828410113}.Release|iPhoneSimulator.ActiveCfg = Release|Any CPU
		{4EF34258-BD9B-46C3-BC48-C86828410113}.Release|iPhoneSimulator.Build.0 = Release|Any CPU
		{99FDF6E7-2CC3-473C-A50E-C15D6D3DE708}.Debug|Any CPU.ActiveCfg = Debug|Any CPU
		{99FDF6E7-2CC3-473C-A50E-C15D6D3DE708}.Debug|Any CPU.Build.0 = Debug|Any CPU
		{99FDF6E7-2CC3-473C-A50E-C15D6D3DE708}.Debug|iPhone.ActiveCfg = Debug|Any CPU
		{99FDF6E7-2CC3-473C-A50E-C15D6D3DE708}.Debug|iPhone.Build.0 = Debug|Any CPU
		{99FDF6E7-2CC3-473C-A50E-C15D6D3DE708}.Debug|iPhoneSimulator.ActiveCfg = Debug|Any CPU
		{99FDF6E7-2CC3-473C-A50E-C15D6D3DE708}.Debug|iPhoneSimulator.Build.0 = Debug|Any CPU
		{99FDF6E7-2CC3-473C-A50E-C15D6D3DE708}.Release|Any CPU.ActiveCfg = Release|Any CPU
		{99FDF6E7-2CC3-473C-A50E-C15D6D3DE708}.Release|Any CPU.Build.0 = Release|Any CPU
		{99FDF6E7-2CC3-473C-A50E-C15D6D3DE708}.Release|iPhone.ActiveCfg = Release|Any CPU
		{99FDF6E7-2CC3-473C-A50E-C15D6D3DE708}.Release|iPhone.Build.0 = Release|Any CPU
		{99FDF6E7-2CC3-473C-A50E-C15D6D3DE708}.Release|iPhoneSimulator.ActiveCfg = Release|Any CPU
		{99FDF6E7-2CC3-473C-A50E-C15D6D3DE708}.Release|iPhoneSimulator.Build.0 = Release|Any CPU
		{81F63868-C998-4BEB-BB86-30199CB94209}.Debug|Any CPU.ActiveCfg = Debug|Any CPU
		{81F63868-C998-4BEB-BB86-30199CB94209}.Debug|Any CPU.Build.0 = Debug|Any CPU
		{81F63868-C998-4BEB-BB86-30199CB94209}.Debug|iPhone.ActiveCfg = Debug|Any CPU
		{81F63868-C998-4BEB-BB86-30199CB94209}.Debug|iPhone.Build.0 = Debug|Any CPU
		{81F63868-C998-4BEB-BB86-30199CB94209}.Debug|iPhoneSimulator.ActiveCfg = Debug|Any CPU
		{81F63868-C998-4BEB-BB86-30199CB94209}.Debug|iPhoneSimulator.Build.0 = Debug|Any CPU
		{81F63868-C998-4BEB-BB86-30199CB94209}.Release|Any CPU.ActiveCfg = Release|Any CPU
		{81F63868-C998-4BEB-BB86-30199CB94209}.Release|Any CPU.Build.0 = Release|Any CPU
		{81F63868-C998-4BEB-BB86-30199CB94209}.Release|iPhone.ActiveCfg = Release|Any CPU
		{81F63868-C998-4BEB-BB86-30199CB94209}.Release|iPhone.Build.0 = Release|Any CPU
		{81F63868-C998-4BEB-BB86-30199CB94209}.Release|iPhoneSimulator.ActiveCfg = Release|Any CPU
		{81F63868-C998-4BEB-BB86-30199CB94209}.Release|iPhoneSimulator.Build.0 = Release|Any CPU
		{72712EF4-4A66-4C54-A5A5-2A8603FCAB0D}.Debug|Any CPU.ActiveCfg = Debug|Any CPU
		{72712EF4-4A66-4C54-A5A5-2A8603FCAB0D}.Debug|Any CPU.Build.0 = Debug|Any CPU
		{72712EF4-4A66-4C54-A5A5-2A8603FCAB0D}.Debug|iPhone.ActiveCfg = Debug|Any CPU
		{72712EF4-4A66-4C54-A5A5-2A8603FCAB0D}.Debug|iPhone.Build.0 = Debug|Any CPU
		{72712EF4-4A66-4C54-A5A5-2A8603FCAB0D}.Debug|iPhoneSimulator.ActiveCfg = Debug|Any CPU
		{72712EF4-4A66-4C54-A5A5-2A8603FCAB0D}.Debug|iPhoneSimulator.Build.0 = Debug|Any CPU
		{72712EF4-4A66-4C54-A5A5-2A8603FCAB0D}.Release|Any CPU.ActiveCfg = Release|Any CPU
		{72712EF4-4A66-4C54-A5A5-2A8603FCAB0D}.Release|Any CPU.Build.0 = Release|Any CPU
		{72712EF4-4A66-4C54-A5A5-2A8603FCAB0D}.Release|iPhone.ActiveCfg = Release|Any CPU
		{72712EF4-4A66-4C54-A5A5-2A8603FCAB0D}.Release|iPhone.Build.0 = Release|Any CPU
		{72712EF4-4A66-4C54-A5A5-2A8603FCAB0D}.Release|iPhoneSimulator.ActiveCfg = Release|Any CPU
		{72712EF4-4A66-4C54-A5A5-2A8603FCAB0D}.Release|iPhoneSimulator.Build.0 = Release|Any CPU
		{E235941C-9DF1-4CB5-9DD0-3D6119F78A8D}.Debug|Any CPU.ActiveCfg = Debug|Any CPU
		{E235941C-9DF1-4CB5-9DD0-3D6119F78A8D}.Debug|Any CPU.Build.0 = Debug|Any CPU
		{E235941C-9DF1-4CB5-9DD0-3D6119F78A8D}.Debug|iPhone.ActiveCfg = Debug|Any CPU
		{E235941C-9DF1-4CB5-9DD0-3D6119F78A8D}.Debug|iPhone.Build.0 = Debug|Any CPU
		{E235941C-9DF1-4CB5-9DD0-3D6119F78A8D}.Debug|iPhoneSimulator.ActiveCfg = Debug|Any CPU
		{E235941C-9DF1-4CB5-9DD0-3D6119F78A8D}.Debug|iPhoneSimulator.Build.0 = Debug|Any CPU
		{E235941C-9DF1-4CB5-9DD0-3D6119F78A8D}.Release|Any CPU.ActiveCfg = Release|Any CPU
		{E235941C-9DF1-4CB5-9DD0-3D6119F78A8D}.Release|Any CPU.Build.0 = Release|Any CPU
		{E235941C-9DF1-4CB5-9DD0-3D6119F78A8D}.Release|iPhone.ActiveCfg = Release|Any CPU
		{E235941C-9DF1-4CB5-9DD0-3D6119F78A8D}.Release|iPhone.Build.0 = Release|Any CPU
		{E235941C-9DF1-4CB5-9DD0-3D6119F78A8D}.Release|iPhoneSimulator.ActiveCfg = Release|Any CPU
		{E235941C-9DF1-4CB5-9DD0-3D6119F78A8D}.Release|iPhoneSimulator.Build.0 = Release|Any CPU
		{9B599B53-7921-43C6-B0D4-532ED959B0E1}.Debug|Any CPU.ActiveCfg = Debug|Any CPU
		{9B599B53-7921-43C6-B0D4-532ED959B0E1}.Debug|Any CPU.Build.0 = Debug|Any CPU
		{9B599B53-7921-43C6-B0D4-532ED959B0E1}.Debug|iPhone.ActiveCfg = Debug|Any CPU
		{9B599B53-7921-43C6-B0D4-532ED959B0E1}.Debug|iPhone.Build.0 = Debug|Any CPU
		{9B599B53-7921-43C6-B0D4-532ED959B0E1}.Debug|iPhoneSimulator.ActiveCfg = Debug|Any CPU
		{9B599B53-7921-43C6-B0D4-532ED959B0E1}.Debug|iPhoneSimulator.Build.0 = Debug|Any CPU
		{9B599B53-7921-43C6-B0D4-532ED959B0E1}.Release|Any CPU.ActiveCfg = Release|Any CPU
		{9B599B53-7921-43C6-B0D4-532ED959B0E1}.Release|Any CPU.Build.0 = Release|Any CPU
		{9B599B53-7921-43C6-B0D4-532ED959B0E1}.Release|iPhone.ActiveCfg = Release|Any CPU
		{9B599B53-7921-43C6-B0D4-532ED959B0E1}.Release|iPhone.Build.0 = Release|Any CPU
		{9B599B53-7921-43C6-B0D4-532ED959B0E1}.Release|iPhoneSimulator.ActiveCfg = Release|Any CPU
		{9B599B53-7921-43C6-B0D4-532ED959B0E1}.Release|iPhoneSimulator.Build.0 = Release|Any CPU
		{F53D9B5D-BF38-4226-8DE8-163B6DF40152}.Debug|Any CPU.ActiveCfg = Debug|Any CPU
		{F53D9B5D-BF38-4226-8DE8-163B6DF40152}.Debug|Any CPU.Build.0 = Debug|Any CPU
		{F53D9B5D-BF38-4226-8DE8-163B6DF40152}.Debug|iPhone.ActiveCfg = Debug|Any CPU
		{F53D9B5D-BF38-4226-8DE8-163B6DF40152}.Debug|iPhone.Build.0 = Debug|Any CPU
		{F53D9B5D-BF38-4226-8DE8-163B6DF40152}.Debug|iPhoneSimulator.ActiveCfg = Debug|Any CPU
		{F53D9B5D-BF38-4226-8DE8-163B6DF40152}.Debug|iPhoneSimulator.Build.0 = Debug|Any CPU
		{F53D9B5D-BF38-4226-8DE8-163B6DF40152}.Release|Any CPU.ActiveCfg = Release|Any CPU
		{F53D9B5D-BF38-4226-8DE8-163B6DF40152}.Release|Any CPU.Build.0 = Release|Any CPU
		{F53D9B5D-BF38-4226-8DE8-163B6DF40152}.Release|iPhone.ActiveCfg = Release|Any CPU
		{F53D9B5D-BF38-4226-8DE8-163B6DF40152}.Release|iPhone.Build.0 = Release|Any CPU
		{F53D9B5D-BF38-4226-8DE8-163B6DF40152}.Release|iPhoneSimulator.ActiveCfg = Release|Any CPU
		{F53D9B5D-BF38-4226-8DE8-163B6DF40152}.Release|iPhoneSimulator.Build.0 = Release|Any CPU
		{193BB801-054F-4729-9D5D-FCE1E32594BF}.Debug|Any CPU.ActiveCfg = Debug|Any CPU
		{193BB801-054F-4729-9D5D-FCE1E32594BF}.Debug|Any CPU.Build.0 = Debug|Any CPU
		{193BB801-054F-4729-9D5D-FCE1E32594BF}.Debug|iPhone.ActiveCfg = Debug|Any CPU
		{193BB801-054F-4729-9D5D-FCE1E32594BF}.Debug|iPhone.Build.0 = Debug|Any CPU
		{193BB801-054F-4729-9D5D-FCE1E32594BF}.Debug|iPhoneSimulator.ActiveCfg = Debug|Any CPU
		{193BB801-054F-4729-9D5D-FCE1E32594BF}.Debug|iPhoneSimulator.Build.0 = Debug|Any CPU
		{193BB801-054F-4729-9D5D-FCE1E32594BF}.Release|Any CPU.ActiveCfg = Release|Any CPU
		{193BB801-054F-4729-9D5D-FCE1E32594BF}.Release|Any CPU.Build.0 = Release|Any CPU
		{193BB801-054F-4729-9D5D-FCE1E32594BF}.Release|iPhone.ActiveCfg = Release|Any CPU
		{193BB801-054F-4729-9D5D-FCE1E32594BF}.Release|iPhone.Build.0 = Release|Any CPU
		{193BB801-054F-4729-9D5D-FCE1E32594BF}.Release|iPhoneSimulator.ActiveCfg = Release|Any CPU
		{193BB801-054F-4729-9D5D-FCE1E32594BF}.Release|iPhoneSimulator.Build.0 = Release|Any CPU
		{4A8328CD-A0F1-4381-BC46-5968DD30D72E}.Debug|Any CPU.ActiveCfg = Debug|iPhone
		{4A8328CD-A0F1-4381-BC46-5968DD30D72E}.Debug|iPhone.ActiveCfg = Debug|iPhone
		{4A8328CD-A0F1-4381-BC46-5968DD30D72E}.Debug|iPhone.Build.0 = Debug|iPhone
		{4A8328CD-A0F1-4381-BC46-5968DD30D72E}.Debug|iPhoneSimulator.ActiveCfg = Debug|iPhoneSimulator
		{4A8328CD-A0F1-4381-BC46-5968DD30D72E}.Debug|iPhoneSimulator.Build.0 = Debug|iPhoneSimulator
		{4A8328CD-A0F1-4381-BC46-5968DD30D72E}.Release|Any CPU.ActiveCfg = Release|iPhone
		{4A8328CD-A0F1-4381-BC46-5968DD30D72E}.Release|iPhone.ActiveCfg = Release|iPhone
		{4A8328CD-A0F1-4381-BC46-5968DD30D72E}.Release|iPhone.Build.0 = Release|iPhone
		{4A8328CD-A0F1-4381-BC46-5968DD30D72E}.Release|iPhoneSimulator.ActiveCfg = Release|iPhoneSimulator
		{4A8328CD-A0F1-4381-BC46-5968DD30D72E}.Release|iPhoneSimulator.Build.0 = Release|iPhoneSimulator
		{2DBF5EDB-A5DE-4F62-8FE4-33FF5CFF2BD8}.Debug|Any CPU.ActiveCfg = Debug|Any CPU
		{2DBF5EDB-A5DE-4F62-8FE4-33FF5CFF2BD8}.Debug|Any CPU.Build.0 = Debug|Any CPU
		{2DBF5EDB-A5DE-4F62-8FE4-33FF5CFF2BD8}.Debug|Any CPU.Deploy.0 = Debug|Any CPU
		{2DBF5EDB-A5DE-4F62-8FE4-33FF5CFF2BD8}.Debug|iPhone.ActiveCfg = Debug|Any CPU
		{2DBF5EDB-A5DE-4F62-8FE4-33FF5CFF2BD8}.Debug|iPhone.Build.0 = Debug|Any CPU
		{2DBF5EDB-A5DE-4F62-8FE4-33FF5CFF2BD8}.Debug|iPhone.Deploy.0 = Debug|Any CPU
		{2DBF5EDB-A5DE-4F62-8FE4-33FF5CFF2BD8}.Debug|iPhoneSimulator.ActiveCfg = Debug|Any CPU
		{2DBF5EDB-A5DE-4F62-8FE4-33FF5CFF2BD8}.Debug|iPhoneSimulator.Build.0 = Debug|Any CPU
		{2DBF5EDB-A5DE-4F62-8FE4-33FF5CFF2BD8}.Debug|iPhoneSimulator.Deploy.0 = Debug|Any CPU
		{2DBF5EDB-A5DE-4F62-8FE4-33FF5CFF2BD8}.Release|Any CPU.ActiveCfg = Release|Any CPU
		{2DBF5EDB-A5DE-4F62-8FE4-33FF5CFF2BD8}.Release|Any CPU.Build.0 = Release|Any CPU
		{2DBF5EDB-A5DE-4F62-8FE4-33FF5CFF2BD8}.Release|Any CPU.Deploy.0 = Release|Any CPU
		{2DBF5EDB-A5DE-4F62-8FE4-33FF5CFF2BD8}.Release|iPhone.ActiveCfg = Release|Any CPU
		{2DBF5EDB-A5DE-4F62-8FE4-33FF5CFF2BD8}.Release|iPhone.Build.0 = Release|Any CPU
		{2DBF5EDB-A5DE-4F62-8FE4-33FF5CFF2BD8}.Release|iPhone.Deploy.0 = Release|Any CPU
		{2DBF5EDB-A5DE-4F62-8FE4-33FF5CFF2BD8}.Release|iPhoneSimulator.ActiveCfg = Release|Any CPU
		{2DBF5EDB-A5DE-4F62-8FE4-33FF5CFF2BD8}.Release|iPhoneSimulator.Build.0 = Release|Any CPU
		{2DBF5EDB-A5DE-4F62-8FE4-33FF5CFF2BD8}.Release|iPhoneSimulator.Deploy.0 = Release|Any CPU
		{212DC5CA-8CA3-4EC7-B392-2F2471FD0DB2}.Debug|Any CPU.ActiveCfg = Debug|Any CPU
		{212DC5CA-8CA3-4EC7-B392-2F2471FD0DB2}.Debug|Any CPU.Build.0 = Debug|Any CPU
		{212DC5CA-8CA3-4EC7-B392-2F2471FD0DB2}.Debug|iPhone.ActiveCfg = Debug|Any CPU
		{212DC5CA-8CA3-4EC7-B392-2F2471FD0DB2}.Debug|iPhone.Build.0 = Debug|Any CPU
		{212DC5CA-8CA3-4EC7-B392-2F2471FD0DB2}.Debug|iPhoneSimulator.ActiveCfg = Debug|Any CPU
		{212DC5CA-8CA3-4EC7-B392-2F2471FD0DB2}.Debug|iPhoneSimulator.Build.0 = Debug|Any CPU
		{212DC5CA-8CA3-4EC7-B392-2F2471FD0DB2}.Release|Any CPU.ActiveCfg = Release|Any CPU
		{212DC5CA-8CA3-4EC7-B392-2F2471FD0DB2}.Release|Any CPU.Build.0 = Release|Any CPU
		{212DC5CA-8CA3-4EC7-B392-2F2471FD0DB2}.Release|iPhone.ActiveCfg = Release|Any CPU
		{212DC5CA-8CA3-4EC7-B392-2F2471FD0DB2}.Release|iPhone.Build.0 = Release|Any CPU
		{212DC5CA-8CA3-4EC7-B392-2F2471FD0DB2}.Release|iPhoneSimulator.ActiveCfg = Release|Any CPU
		{212DC5CA-8CA3-4EC7-B392-2F2471FD0DB2}.Release|iPhoneSimulator.Build.0 = Release|Any CPU
		{98552122-7CFA-495A-96D6-C504DCAE88A7}.Debug|Any CPU.ActiveCfg = Debug|Any CPU
		{98552122-7CFA-495A-96D6-C504DCAE88A7}.Debug|Any CPU.Build.0 = Debug|Any CPU
		{98552122-7CFA-495A-96D6-C504DCAE88A7}.Debug|iPhone.ActiveCfg = Debug|Any CPU
		{98552122-7CFA-495A-96D6-C504DCAE88A7}.Debug|iPhone.Build.0 = Debug|Any CPU
		{98552122-7CFA-495A-96D6-C504DCAE88A7}.Debug|iPhoneSimulator.ActiveCfg = Debug|Any CPU
		{98552122-7CFA-495A-96D6-C504DCAE88A7}.Debug|iPhoneSimulator.Build.0 = Debug|Any CPU
		{98552122-7CFA-495A-96D6-C504DCAE88A7}.Release|Any CPU.ActiveCfg = Release|Any CPU
		{98552122-7CFA-495A-96D6-C504DCAE88A7}.Release|Any CPU.Build.0 = Release|Any CPU
		{98552122-7CFA-495A-96D6-C504DCAE88A7}.Release|iPhone.ActiveCfg = Release|Any CPU
		{98552122-7CFA-495A-96D6-C504DCAE88A7}.Release|iPhone.Build.0 = Release|Any CPU
		{98552122-7CFA-495A-96D6-C504DCAE88A7}.Release|iPhoneSimulator.ActiveCfg = Release|Any CPU
		{98552122-7CFA-495A-96D6-C504DCAE88A7}.Release|iPhoneSimulator.Build.0 = Release|Any CPU
		{0779A77A-BD85-48B5-A0CB-FBDDBA2835DA}.Debug|Any CPU.ActiveCfg = Debug|Any CPU
		{0779A77A-BD85-48B5-A0CB-FBDDBA2835DA}.Debug|Any CPU.Build.0 = Debug|Any CPU
		{0779A77A-BD85-48B5-A0CB-FBDDBA2835DA}.Debug|iPhone.ActiveCfg = Debug|Any CPU
		{0779A77A-BD85-48B5-A0CB-FBDDBA2835DA}.Debug|iPhone.Build.0 = Debug|Any CPU
		{0779A77A-BD85-48B5-A0CB-FBDDBA2835DA}.Debug|iPhoneSimulator.ActiveCfg = Debug|Any CPU
		{0779A77A-BD85-48B5-A0CB-FBDDBA2835DA}.Debug|iPhoneSimulator.Build.0 = Debug|Any CPU
		{0779A77A-BD85-48B5-A0CB-FBDDBA2835DA}.Release|Any CPU.ActiveCfg = Release|Any CPU
		{0779A77A-BD85-48B5-A0CB-FBDDBA2835DA}.Release|Any CPU.Build.0 = Release|Any CPU
		{0779A77A-BD85-48B5-A0CB-FBDDBA2835DA}.Release|iPhone.ActiveCfg = Release|Any CPU
		{0779A77A-BD85-48B5-A0CB-FBDDBA2835DA}.Release|iPhone.Build.0 = Release|Any CPU
		{0779A77A-BD85-48B5-A0CB-FBDDBA2835DA}.Release|iPhoneSimulator.ActiveCfg = Release|Any CPU
		{0779A77A-BD85-48B5-A0CB-FBDDBA2835DA}.Release|iPhoneSimulator.Build.0 = Release|Any CPU
		{24C0BA97-8D12-4938-940B-F66A321DD2CD}.Debug|Any CPU.ActiveCfg = Debug|Any CPU
		{24C0BA97-8D12-4938-940B-F66A321DD2CD}.Debug|Any CPU.Build.0 = Debug|Any CPU
		{24C0BA97-8D12-4938-940B-F66A321DD2CD}.Debug|iPhone.ActiveCfg = Debug|Any CPU
		{24C0BA97-8D12-4938-940B-F66A321DD2CD}.Debug|iPhone.Build.0 = Debug|Any CPU
		{24C0BA97-8D12-4938-940B-F66A321DD2CD}.Debug|iPhoneSimulator.ActiveCfg = Debug|Any CPU
		{24C0BA97-8D12-4938-940B-F66A321DD2CD}.Debug|iPhoneSimulator.Build.0 = Debug|Any CPU
		{24C0BA97-8D12-4938-940B-F66A321DD2CD}.Release|Any CPU.ActiveCfg = Release|Any CPU
		{24C0BA97-8D12-4938-940B-F66A321DD2CD}.Release|Any CPU.Build.0 = Release|Any CPU
		{24C0BA97-8D12-4938-940B-F66A321DD2CD}.Release|iPhone.ActiveCfg = Release|Any CPU
		{24C0BA97-8D12-4938-940B-F66A321DD2CD}.Release|iPhone.Build.0 = Release|Any CPU
		{24C0BA97-8D12-4938-940B-F66A321DD2CD}.Release|iPhoneSimulator.ActiveCfg = Release|Any CPU
		{24C0BA97-8D12-4938-940B-F66A321DD2CD}.Release|iPhoneSimulator.Build.0 = Release|Any CPU
		{00015351-5EA1-45C0-968C-FE1B383AE577}.Debug|Any CPU.ActiveCfg = Debug|Any CPU
		{00015351-5EA1-45C0-968C-FE1B383AE577}.Debug|Any CPU.Build.0 = Debug|Any CPU
		{00015351-5EA1-45C0-968C-FE1B383AE577}.Debug|iPhone.ActiveCfg = Debug|Any CPU
		{00015351-5EA1-45C0-968C-FE1B383AE577}.Debug|iPhone.Build.0 = Debug|Any CPU
		{00015351-5EA1-45C0-968C-FE1B383AE577}.Debug|iPhoneSimulator.ActiveCfg = Debug|Any CPU
		{00015351-5EA1-45C0-968C-FE1B383AE577}.Debug|iPhoneSimulator.Build.0 = Debug|Any CPU
		{00015351-5EA1-45C0-968C-FE1B383AE577}.Release|Any CPU.ActiveCfg = Release|Any CPU
		{00015351-5EA1-45C0-968C-FE1B383AE577}.Release|Any CPU.Build.0 = Release|Any CPU
		{00015351-5EA1-45C0-968C-FE1B383AE577}.Release|iPhone.ActiveCfg = Release|Any CPU
		{00015351-5EA1-45C0-968C-FE1B383AE577}.Release|iPhone.Build.0 = Release|Any CPU
		{00015351-5EA1-45C0-968C-FE1B383AE577}.Release|iPhoneSimulator.ActiveCfg = Release|Any CPU
		{00015351-5EA1-45C0-968C-FE1B383AE577}.Release|iPhoneSimulator.Build.0 = Release|Any CPU
	EndGlobalSection
	GlobalSection(SolutionProperties) = preSolution
		HideSolutionNode = FALSE
	EndGlobalSection
EndGlobal
